{
  "name": "exif_data",
  "version": "1.0.0",
  "lockfileVersion": 3,
  "requires": true,
  "packages": {
    "": {
      "name": "exif_data",
      "version": "1.0.0",
      "license": "ISC",
      "dependencies": {
        "exifr": "^7.1.3"
      },
      "devDependencies": {
        "@eslint/js": "^9.15.0",
        "globals": "^15.12.0"
      }
    },
    "node_modules/@eslint/js": {
      "version": "9.15.0",
      "resolved": "https://registry.npmjs.org/@eslint/js/-/js-9.15.0.tgz",
      "integrity": "sha512-tMTqrY+EzbXmKJR5ToI8lxu7jaN5EdmrBFJpQk5JmSlyLsx6o4t27r883K5xsLuCYCpfKBCGswMSWXsM+jB7lg==",
      "dev": true,
      "engines": {
        "node": "^18.18.0 || ^20.9.0 || >=21.1.0"
      }
    },
    "node_modules/exifr": {
      "version": "7.1.3",
      "resolved": "https://registry.npmjs.org/exifr/-/exifr-7.1.3.tgz",
      "integrity": "sha512-g/aje2noHivrRSLbAUtBPWFbxKdKhgj/xr1vATDdUXPOFYJlQ62Ft0oy+72V6XLIpDJfHs6gXLbBLAolqOXYRw=="
    },
    "node_modules/globals": {
      "version": "15.12.0",
      "resolved": "https://registry.npmjs.org/globals/-/globals-15.12.0.tgz",
      "integrity": "sha512-1+gLErljJFhbOVyaetcwJiJ4+eLe45S2E7P5UiZ9xGfeq3ATQf5DOv9G7MH3gGbKQLkzmNh2DxfZwLdw+j6oTQ==",
      "dev": true,
      "engines": {
        "node": ">=18"
      },
      "funding": {
        "url": "https://github.com/sponsors/sindresorhus"
      }
    }
  }
}
