{
  "name": "exif_data",
  "version": "1.0.0",
  "lockfileVersion": 3,
  "requires": true,
  "packages": {
    "": {
      "name": "exif_data",
      "version": "1.0.0",
      "license": "ISC",
      "dependencies": {
        "exifreader": "^4.25.0"
      },
      "devDependencies": {
        "@eslint/js": "^9.15.0",
        "globals": "^15.12.0"
      }
    },
    "node_modules/@eslint/js": {
      "version": "9.15.0",
      "resolved": "https://registry.npmjs.org/@eslint/js/-/js-9.15.0.tgz",
      "integrity": "sha512-tMTqrY+EzbXmKJR5ToI8lxu7jaN5EdmrBFJpQk5JmSlyLsx6o4t27r883K5xsLuCYCpfKBCGswMSWXsM+jB7lg==",
      "dev": true,
      "engines": {
        "node": "^18.18.0 || ^20.9.0 || >=21.1.0"
      }
    },
    "node_modules/@xmldom/xmldom": {
      "version": "0.9.5",
      "resolved": "https://registry.npmjs.org/@xmldom/xmldom/-/xmldom-0.9.5.tgz",
      "integrity": "sha512-6g1EwSs8cr8JhP1iBxzyVAWM6BIDvx9Y3FZRIQiMDzgG43Pxi8YkWOZ0nQj2NHgNzgXDZbJewFx/n+YAvMZrfg==",
      "optional": true,
      "engines": {
        "node": ">=14.6"
      }
    },
    "node_modules/exifreader": {
      "version": "4.25.0",
      "resolved": "https://registry.npmjs.org/exifreader/-/exifreader-4.25.0.tgz",
      "integrity": "sha512-lPyPXWTUuYgoKdKf3rw2EDoE9Zl7xHoy/ehPNeQ4gFVNLzfLyNMP4oEI+sP0/Czp5r/2i7cFhqg5MHsl4FYtyw==",
      "hasInstallScript": true,
      "optionalDependencies": {
        "@xmldom/xmldom": "^0.9.4"
      }
    },
    "node_modules/globals": {
      "version": "15.12.0",
      "resolved": "https://registry.npmjs.org/globals/-/globals-15.12.0.tgz",
      "integrity": "sha512-1+gLErljJFhbOVyaetcwJiJ4+eLe45S2E7P5UiZ9xGfeq3ATQf5DOv9G7MH3gGbKQLkzmNh2DxfZwLdw+j6oTQ==",
      "dev": true,
      "engines": {
        "node": ">=18"
      },
      "funding": {
        "url": "https://github.com/sponsors/sindresorhus"
      }
    }
  }
}
